
Microsoft Visual Studio Solution File, Format Version 12.00
# Visual Studio Version 17
VisualStudioVersion = 17.12.35527.113
MinimumVisualStudioVersion = 10.0.40219.1
Project("{FAE04EC0-301F-11D3-BF4B-00C04F79EFBC}") = "Seven", "Seven\Seven.csproj", "{DFCB1F0F-FC9D-409E-A83D-73742E9A12AB}"
EndProject
Project("{FAE04EC0-301F-11D3-BF4B-00C04F79EFBC}") = "Seven.Core", "Seven.Core\Seven.Core.csproj", "{2ABB1D8B-F558-4AD6-9036-0C768BFD2075}"
EndProject
Project("{FAE04EC0-301F-11D3-BF4B-00C04F79EFBC}") = "Seven.Core.Test", "Seven.Core.Test\Seven.Core.Test.csproj", "{9C2C37F1-629B-4B1B-84A2-D238B25504B3}"
EndProject
Project("{FAE04EC0-301F-11D3-BF4B-00C04F79EFBC}") = "TestConsole", "TestConsole\TestConsole.csproj", "{7BD30820-C46D-4E77-8B6F-9EB2E9083C65}"
EndProject
Project("{8BC9CEB8-8B4A-11D0-8D11-00A0C91BC942}") = "TestConsoleCpp", "TestConsoleCpp\TestConsoleCpp.vcxproj", "{D28DEC9F-5A1E-45DD-A3D7-1672C7D09C14}"
EndProject
Project("{FAE04EC0-301F-11D3-BF4B-00C04F79EFBC}") = "Seven.Test", "Seven.Test\Seven.Test.csproj", "{A0CB9A51-2ECF-4AAE-AFC5-52C080B4C613}"
EndProject
Project("{FAE04EC0-301F-11D3-BF4B-00C04F79EFBC}") = "Benchmark", "Benchmark\Benchmark.csproj", "{0C5DFD3D-B357-44D2-8946-BED08E72A76B}"
EndProject
Global
	GlobalSection(SolutionConfigurationPlatforms) = preSolution
		Debug|Any CPU = Debug|Any CPU
		Debug|x64 = Debug|x64
		Debug|x86 = Debug|x86
		Release|Any CPU = Release|Any CPU
		Release|x64 = Release|x64
		Release|x86 = Release|x86
	EndGlobalSection
	GlobalSection(ProjectConfigurationPlatforms) = postSolution
		{DFCB1F0F-FC9D-409E-A83D-73742E9A12AB}.Debug|Any CPU.ActiveCfg = Debug|Any CPU
		{DFCB1F0F-FC9D-409E-A83D-73742E9A12AB}.Debug|Any CPU.Build.0 = Debug|Any CPU
		{DFCB1F0F-FC9D-409E-A83D-73742E9A12AB}.Debug|x64.ActiveCfg = Debug|Any CPU
		{DFCB1F0F-FC9D-409E-A83D-73742E9A12AB}.Debug|x64.Build.0 = Debug|Any CPU
		{DFCB1F0F-FC9D-409E-A83D-73742E9A12AB}.Debug|x86.ActiveCfg = Debug|Any CPU
		{DFCB1F0F-FC9D-409E-A83D-73742E9A12AB}.Debug|x86.Build.0 = Debug|Any CPU
		{DFCB1F0F-FC9D-409E-A83D-73742E9A12AB}.Release|Any CPU.ActiveCfg = Release|Any CPU
		{DFCB1F0F-FC9D-409E-A83D-73742E9A12AB}.Release|Any CPU.Build.0 = Release|Any CPU
		{DFCB1F0F-FC9D-409E-A83D-73742E9A12AB}.Release|x64.ActiveCfg = Release|Any CPU
		{DFCB1F0F-FC9D-409E-A83D-73742E9A12AB}.Release|x64.Build.0 = Release|Any CPU
		{DFCB1F0F-FC9D-409E-A83D-73742E9A12AB}.Release|x86.ActiveCfg = Release|Any CPU
		{DFCB1F0F-FC9D-409E-A83D-73742E9A12AB}.Release|x86.Build.0 = Release|Any CPU
		{2ABB1D8B-F558-4AD6-9036-0C768BFD2075}.Debug|Any CPU.ActiveCfg = Debug|Any CPU
		{2ABB1D8B-F558-4AD6-9036-0C768BFD2075}.Debug|Any CPU.Build.0 = Debug|Any CPU
		{2ABB1D8B-F558-4AD6-9036-0C768BFD2075}.Debug|x64.ActiveCfg = Debug|Any CPU
		{2ABB1D8B-F558-4AD6-9036-0C768BFD2075}.Debug|x64.Build.0 = Debug|Any CPU
		{2ABB1D8B-F558-4AD6-9036-0C768BFD2075}.Debug|x86.ActiveCfg = Debug|Any CPU
		{2ABB1D8B-F558-4AD6-9036-0C768BFD2075}.Debug|x86.Build.0 = Debug|Any CPU
		{2ABB1D8B-F558-4AD6-9036-0C768BFD2075}.Release|Any CPU.ActiveCfg = Release|Any CPU
		{2ABB1D8B-F558-4AD6-9036-0C768BFD2075}.Release|Any CPU.Build.0 = Release|Any CPU
		{2ABB1D8B-F558-4AD6-9036-0C768BFD2075}.Release|x64.ActiveCfg = Release|Any CPU
		{2ABB1D8B-F558-4AD6-9036-0C768BFD2075}.Release|x64.Build.0 = Release|Any CPU
		{2ABB1D8B-F558-4AD6-9036-0C768BFD2075}.Release|x86.ActiveCfg = Release|Any CPU
		{2ABB1D8B-F558-4AD6-9036-0C768BFD2075}.Release|x86.Build.0 = Release|Any CPU
		{9C2C37F1-629B-4B1B-84A2-D238B25504B3}.Debug|Any CPU.ActiveCfg = Debug|Any CPU
		{9C2C37F1-629B-4B1B-84A2-D238B25504B3}.Debug|Any CPU.Build.0 = Debug|Any CPU
		{9C2C37F1-629B-4B1B-84A2-D238B25504B3}.Debug|x64.ActiveCfg = Debug|Any CPU
		{9C2C37F1-629B-4B1B-84A2-D238B25504B3}.Debug|x64.Build.0 = Debug|Any CPU
		{9C2C37F1-629B-4B1B-84A2-D238B25504B3}.Debug|x86.ActiveCfg = Debug|Any CPU
		{9C2C37F1-629B-4B1B-84A2-D238B25504B3}.Debug|x86.Build.0 = Debug|Any CPU
		{9C2C37F1-629B-4B1B-84A2-D238B25504B3}.Release|Any CPU.ActiveCfg = Release|Any CPU
		{9C2C37F1-629B-4B1B-84A2-D238B25504B3}.Release|Any CPU.Build.0 = Release|Any CPU
		{9C2C37F1-629B-4B1B-84A2-D238B25504B3}.Release|x64.ActiveCfg = Release|Any CPU
		{9C2C37F1-629B-4B1B-84A2-D238B25504B3}.Release|x64.Build.0 = Release|Any CPU
		{9C2C37F1-629B-4B1B-84A2-D238B25504B3}.Release|x86.ActiveCfg = Release|Any CPU
		{9C2C37F1-629B-4B1B-84A2-D238B25504B3}.Release|x86.Build.0 = Release|Any CPU
		{7BD30820-C46D-4E77-8B6F-9EB2E9083C65}.Debug|Any CPU.ActiveCfg = Debug|Any CPU
		{7BD30820-C46D-4E77-8B6F-9EB2E9083C65}.Debug|Any CPU.Build.0 = Debug|Any CPU
		{7BD30820-C46D-4E77-8B6F-9EB2E9083C65}.Debug|x64.ActiveCfg = Debug|Any CPU
		{7BD30820-C46D-4E77-8B6F-9EB2E9083C65}.Debug|x64.Build.0 = Debug|Any CPU
		{7BD30820-C46D-4E77-8B6F-9EB2E9083C65}.Debug|x86.ActiveCfg = Debug|Any CPU
		{7BD30820-C46D-4E77-8B6F-9EB2E9083C65}.Debug|x86.Build.0 = Debug|Any CPU
		{7BD30820-C46D-4E77-8B6F-9EB2E9083C65}.Release|Any CPU.ActiveCfg = Release|Any CPU
		{7BD30820-C46D-4E77-8B6F-9EB2E9083C65}.Release|Any CPU.Build.0 = Release|Any CPU
		{7BD30820-C46D-4E77-8B6F-9EB2E9083C65}.Release|x64.ActiveCfg = Release|Any CPU
		{7BD30820-C46D-4E77-8B6F-9EB2E9083C65}.Release|x64.Build.0 = Release|Any CPU
		{7BD30820-C46D-4E77-8B6F-9EB2E9083C65}.Release|x86.ActiveCfg = Release|Any CPU
		{7BD30820-C46D-4E77-8B6F-9EB2E9083C65}.Release|x86.Build.0 = Release|Any CPU
		{D28DEC9F-5A1E-45DD-A3D7-1672C7D09C14}.Debug|Any CPU.ActiveCfg = Debug|x64
		{D28DEC9F-5A1E-45DD-A3D7-1672C7D09C14}.Debug|Any CPU.Build.0 = Debug|x64
		{D28DEC9F-5A1E-45DD-A3D7-1672C7D09C14}.Debug|x64.ActiveCfg = Debug|x64
		{D28DEC9F-5A1E-45DD-A3D7-1672C7D09C14}.Debug|x64.Build.0 = Debug|x64
		{D28DEC9F-5A1E-45DD-A3D7-1672C7D09C14}.Debug|x86.ActiveCfg = Debug|Win32
		{D28DEC9F-5A1E-45DD-A3D7-1672C7D09C14}.Debug|x86.Build.0 = Debug|Win32
		{D28DEC9F-5A1E-45DD-A3D7-1672C7D09C14}.Release|Any CPU.ActiveCfg = Release|x64
		{D28DEC9F-5A1E-45DD-A3D7-1672C7D09C14}.Release|Any CPU.Build.0 = Release|x64
		{D28DEC9F-5A1E-45DD-A3D7-1672C7D09C14}.Release|x64.ActiveCfg = Release|x64
		{D28DEC9F-5A1E-45DD-A3D7-1672C7D09C14}.Release|x64.Build.0 = Release|x64
		{D28DEC9F-5A1E-45DD-A3D7-1672C7D09C14}.Release|x86.ActiveCfg = Release|Win32
		{D28DEC9F-5A1E-45DD-A3D7-1672C7D09C14}.Release|x86.Build.0 = Release|Win32
		{A0CB9A51-2ECF-4AAE-AFC5-52C080B4C613}.Debug|Any CPU.ActiveCfg = Debug|Any CPU
		{A0CB9A51-2ECF-4AAE-AFC5-52C080B4C613}.Debug|Any CPU.Build.0 = Debug|Any CPU
		{A0CB9A51-2ECF-4AAE-AFC5-52C080B4C613}.Debug|x64.ActiveCfg = Debug|Any CPU
		{A0CB9A51-2ECF-4AAE-AFC5-52C080B4C613}.Debug|x64.Build.0 = Debug|Any CPU
		{A0CB9A51-2ECF-4AAE-AFC5-52C080B4C613}.Debug|x86.ActiveCfg = Debug|Any CPU
		{A0CB9A51-2ECF-4AAE-AFC5-52C080B4C613}.Debug|x86.Build.0 = Debug|Any CPU
		{A0CB9A51-2ECF-4AAE-AFC5-52C080B4C613}.Release|Any CPU.ActiveCfg = Release|Any CPU
		{A0CB9A51-2ECF-4AAE-AFC5-52C080B4C613}.Release|Any CPU.Build.0 = Release|Any CPU
		{A0CB9A51-2ECF-4AAE-AFC5-52C080B4C613}.Release|x64.ActiveCfg = Release|Any CPU
		{A0CB9A51-2ECF-4AAE-AFC5-52C080B4C613}.Release|x64.Build.0 = Release|Any CPU
		{A0CB9A51-2ECF-4AAE-AFC5-52C080B4C613}.Release|x86.ActiveCfg = Release|Any CPU
		{A0CB9A51-2ECF-4AAE-AFC5-52C080B4C613}.Release|x86.Build.0 = Release|Any CPU
		{0C5DFD3D-B357-44D2-8946-BED08E72A76B}.Debug|Any CPU.ActiveCfg = Debug|Any CPU
		{0C5DFD3D-B357-44D2-8946-BED08E72A76B}.Debug|Any CPU.Build.0 = Debug|Any CPU
		{0C5DFD3D-B357-44D2-8946-BED08E72A76B}.Debug|x64.ActiveCfg = Debug|Any CPU
		{0C5DFD3D-B357-44D2-8946-BED08E72A76B}.Debug|x64.Build.0 = Debug|Any CPU
		{0C5DFD3D-B357-44D2-8946-BED08E72A76B}.Debug|x86.ActiveCfg = Debug|Any CPU
		{0C5DFD3D-B357-44D2-8946-BED08E72A76B}.Debug|x86.Build.0 = Debug|Any CPU
		{0C5DFD3D-B357-44D2-8946-BED08E72A76B}.Release|Any CPU.ActiveCfg = Release|Any CPU
		{0C5DFD3D-B357-44D2-8946-BED08E72A76B}.Release|Any CPU.Build.0 = Release|Any CPU
		{0C5DFD3D-B357-44D2-8946-BED08E72A76B}.Release|x64.ActiveCfg = Release|Any CPU
		{0C5DFD3D-B357-44D2-8946-BED08E72A76B}.Release|x64.Build.0 = Release|Any CPU
		{0C5DFD3D-B357-44D2-8946-BED08E72A76B}.Release|x86.ActiveCfg = Release|Any CPU
		{0C5DFD3D-B357-44D2-8946-BED08E72A76B}.Release|x86.Build.0 = Release|Any CPU
	EndGlobalSection
	GlobalSection(SolutionProperties) = preSolution
		HideSolutionNode = FALSE
	EndGlobalSection
	GlobalSection(ExtensibilityGlobals) = postSolution
		SolutionGuid = {7A5A6C69-367A-4C75-B9CB-865BF668E3A8}
	EndGlobalSection
EndGlobal
