
Microsoft Visual Studio Solution File, Format Version 12.00
# Visual Studio Version 17
VisualStudioVersion = 17.12.35527.113 d17.12
MinimumVisualStudioVersion = 10.0.40219.1
Project("{FAE04EC0-301F-11D3-BF4B-00C04F79EFBC}") = "Seven", "Seven\Seven.csproj", "{DFCB1F0F-FC9D-409E-A83D-73742E9A12AB}"
EndProject
Project("{FAE04EC0-301F-11D3-BF4B-00C04F79EFBC}") = "Seven.Core", "Seven.Core\Seven.Core.csproj", "{2ABB1D8B-F558-4AD6-9036-0C768BFD2075}"
EndProject
Global
	GlobalSection(SolutionConfigurationPlatforms) = preSolution
		Debug|Any CPU = Debug|Any CPU
		Release|Any CPU = Release|Any CPU
	EndGlobalSection
	GlobalSection(ProjectConfigurationPlatforms) = postSolution
		{DFCB1F0F-FC9D-409E-A83D-73742E9A12AB}.Debug|Any CPU.ActiveCfg = Debug|Any CPU
		{DFCB1F0F-FC9D-409E-A83D-73742E9A12AB}.Debug|Any CPU.Build.0 = Debug|Any CPU
		{DFCB1F0F-FC9D-409E-A83D-73742E9A12AB}.Release|Any CPU.ActiveCfg = Release|Any CPU
		{DFCB1F0F-FC9D-409E-A83D-73742E9A12AB}.Release|Any CPU.Build.0 = Release|Any CPU
		{2ABB1D8B-F558-4AD6-9036-0C768BFD2075}.Debug|Any CPU.ActiveCfg = Debug|Any CPU
		{2ABB1D8B-F558-4AD6-9036-0C768BFD2075}.Debug|Any CPU.Build.0 = Debug|Any CPU
		{2ABB1D8B-F558-4AD6-9036-0C768BFD2075}.Release|Any CPU.ActiveCfg = Release|Any CPU
		{2ABB1D8B-F558-4AD6-9036-0C768BFD2075}.Release|Any CPU.Build.0 = Release|Any CPU
	EndGlobalSection
	GlobalSection(SolutionProperties) = preSolution
		HideSolutionNode = FALSE
	EndGlobalSection
EndGlobal
